
Microsoft Visual Studio Solution File, Format Version 12.00
# Visual Studio Version 17
VisualStudioVersion = 17.7.34024.191
MinimumVisualStudioVersion = 10.0.40219.1
Project("{FAE04EC0-301F-11D3-BF4B-00C04F79EFBC}") = "ONT401_Assignment", "1\ONT401_Assignment.csproj", "{7E61B9D0-B2DE-4F71-8FC3-D83F6C61BE34}"
EndProject
Global
	GlobalSection(SolutionConfigurationPlatforms) = preSolution
		Debug|Any CPU = Debug|Any CPU
		Release|Any CPU = Release|Any CPU
	EndGlobalSection
	GlobalSection(ProjectConfigurationPlatforms) = postSolution
		{7E61B9D0-B2DE-4F71-8FC3-D83F6C61BE34}.Debug|Any CPU.ActiveCfg = Debug|Any CPU
		{7E61B9D0-B2DE-4F71-8FC3-D83F6C61BE34}.Debug|Any CPU.Build.0 = Debug|Any CPU
		{7E61B9D0-B2DE-4F71-8FC3-D83F6C61BE34}.Release|Any CPU.ActiveCfg = Release|Any CPU
		{7E61B9D0-B2DE-4F71-8FC3-D83F6C61BE34}.Release|Any CPU.Build.0 = Release|Any CPU
	EndGlobalSection
	GlobalSection(SolutionProperties) = preSolution
		HideSolutionNode = FALSE
	EndGlobalSection
	GlobalSection(ExtensibilityGlobals) = postSolution
		SolutionGuid = {AD5D3974-5801-4352-BA39-37A61837F6B1}
	EndGlobalSection
EndGlobal
